
Microsoft Visual Studio Solution File, Format Version 12.00
Project("{FAE04EC0-301F-11D3-BF4B-00C04F79EFBC}") = "UserService.Api", "services\user-service\src\UserService.Api\UserService.Api.csproj", "{C746C5D5-9643-4367-A6F0-49279DE58ACB}"
EndProject
Project("{FAE04EC0-301F-11D3-BF4B-00C04F79EFBC}") = "ServiceCatalogService.Api", "services\service-catalog-service\src\ServiceCatalogService.Api\ServiceCatalogService.Api.csproj", "{C5EB2C1B-5D74-4368-9C71-6076E1617A71}"
EndProject
Project("{FAE04EC0-301F-11D3-BF4B-00C04F79EFBC}") = "UserService.Database", "services\user-service\src\UserService.Database\UserService.Database.csproj", "{8C65B450-57E3-4B3E-8566-5818E6E53190}"
EndProject
Project("{FAE04EC0-301F-11D3-BF4B-00C04F79EFBC}") = "UserService.DatabaseMigrator", "services\user-service\src\UserService.DatabaseMigrator\UserService.DatabaseMigrator.csproj", "{C5387FB6-B9E3-483F-95DA-50F3BA53C3FE}"
EndProject
Project("{FAE04EC0-301F-11D3-BF4B-00C04F79EFBC}") = "ServiceCatalogService.Database", "services\service-catalog-service\src\ServiceCatalogService.Database\ServiceCatalogService.Database.csproj", "{BF726591-07C2-43AD-AE51-7EB0F23A8FE5}"
EndProject
Project("{FAE04EC0-301F-11D3-BF4B-00C04F79EFBC}") = "ServiceCatalogService.DatabaseMigrator", "services\service-catalog-service\src\ServiceCatalogService.DatabaseMigrator\ServiceCatalogService.DatabaseMigrator.csproj", "{B1E461F8-F63E-4447-8953-18432685A931}"
EndProject
Project("{FAE04EC0-301F-11D3-BF4B-00C04F79EFBC}") = "AvailabilityService.Api", "services\availability-service\src\AvailabilityService.Api\AvailabilityService.Api.csproj", "{6DCE2916-4FB4-46FA-A2CB-ED8C85BAA2A5}"
EndProject
Project("{FAE04EC0-301F-11D3-BF4B-00C04F79EFBC}") = "AvailabilityService.Database", "services\availability-service\src\AvailabilityService.Database\AvailabilityService.Database.csproj", "{87470636-EEE9-4AD0-8FC0-8218004AE4CD}"
EndProject
Project("{FAE04EC0-301F-11D3-BF4B-00C04F79EFBC}") = "AvailabilityService.DatabaseMIgrator", "services\availability-service\src\AvailabilityService.DatabaseMIgrator\AvailabilityService.DatabaseMIgrator.csproj", "{266CECA5-EE51-4664-B6E4-D702930BC40B}"
EndProject
Project("{FAE04EC0-301F-11D3-BF4B-00C04F79EFBC}") = "BookingService.Api", "services\booking-service\src\BookingService.Api\BookingService.Api.csproj", "{453F267E-D2E4-462E-9E0E-62DEF9D607DE}"
EndProject
Project("{FAE04EC0-301F-11D3-BF4B-00C04F79EFBC}") = "BookingService.Database", "services\booking-service\src\BookingService.Database\BookingService.Database.csproj", "{737064BE-D06F-4127-A987-384240314FB9}"
EndProject
Project("{FAE04EC0-301F-11D3-BF4B-00C04F79EFBC}") = "BookingService.DatabaseMigrator", "services\booking-service\src\BookingService.DatabaseMigrator\BookingService.DatabaseMigrator.csproj", "{354F023E-48BC-4A70-80FA-80FF851926BC}"
EndProject
Project("{FAE04EC0-301F-11D3-BF4B-00C04F79EFBC}") = "NotificationService.Api", "services\notification-service\src\NotificationService.Api\NotificationService.Api.csproj", "{7F34EAAA-9AE3-4159-8488-2A726740D06B}"
EndProject
Project("{FAE04EC0-301F-11D3-BF4B-00C04F79EFBC}") = "NotificationService.Database", "services\notification-service\src\NotificationService.Database\NotificationService.Database.csproj", "{8217A841-36FC-430C-9581-098F5312838C}"
EndProject
Project("{FAE04EC0-301F-11D3-BF4B-00C04F79EFBC}") = "NotificationService.DatabaseMigrator", "services\notification-service\src\NotificationService.DatabaseMigrator\NotificationService.DatabaseMigrator.csproj", "{27196F43-B0F2-428F-AC25-5A2E10D1F094}"
EndProject
Global
	GlobalSection(SolutionConfigurationPlatforms) = preSolution
		Debug|Any CPU = Debug|Any CPU
		Release|Any CPU = Release|Any CPU
	EndGlobalSection
	GlobalSection(ProjectConfigurationPlatforms) = postSolution
		{C746C5D5-9643-4367-A6F0-49279DE58ACB}.Debug|Any CPU.ActiveCfg = Debug|Any CPU
		{C746C5D5-9643-4367-A6F0-49279DE58ACB}.Debug|Any CPU.Build.0 = Debug|Any CPU
		{C746C5D5-9643-4367-A6F0-49279DE58ACB}.Release|Any CPU.ActiveCfg = Release|Any CPU
		{C746C5D5-9643-4367-A6F0-49279DE58ACB}.Release|Any CPU.Build.0 = Release|Any CPU
		{C5EB2C1B-5D74-4368-9C71-6076E1617A71}.Debug|Any CPU.ActiveCfg = Debug|Any CPU
		{C5EB2C1B-5D74-4368-9C71-6076E1617A71}.Debug|Any CPU.Build.0 = Debug|Any CPU
		{C5EB2C1B-5D74-4368-9C71-6076E1617A71}.Release|Any CPU.ActiveCfg = Release|Any CPU
		{C5EB2C1B-5D74-4368-9C71-6076E1617A71}.Release|Any CPU.Build.0 = Release|Any CPU
		{8C65B450-57E3-4B3E-8566-5818E6E53190}.Debug|Any CPU.ActiveCfg = Debug|Any CPU
		{8C65B450-57E3-4B3E-8566-5818E6E53190}.Debug|Any CPU.Build.0 = Debug|Any CPU
		{8C65B450-57E3-4B3E-8566-5818E6E53190}.Release|Any CPU.ActiveCfg = Release|Any CPU
		{8C65B450-57E3-4B3E-8566-5818E6E53190}.Release|Any CPU.Build.0 = Release|Any CPU
		{C5387FB6-B9E3-483F-95DA-50F3BA53C3FE}.Debug|Any CPU.ActiveCfg = Debug|Any CPU
		{C5387FB6-B9E3-483F-95DA-50F3BA53C3FE}.Debug|Any CPU.Build.0 = Debug|Any CPU
		{C5387FB6-B9E3-483F-95DA-50F3BA53C3FE}.Release|Any CPU.ActiveCfg = Release|Any CPU
		{C5387FB6-B9E3-483F-95DA-50F3BA53C3FE}.Release|Any CPU.Build.0 = Release|Any CPU
		{BF726591-07C2-43AD-AE51-7EB0F23A8FE5}.Debug|Any CPU.ActiveCfg = Debug|Any CPU
		{BF726591-07C2-43AD-AE51-7EB0F23A8FE5}.Debug|Any CPU.Build.0 = Debug|Any CPU
		{BF726591-07C2-43AD-AE51-7EB0F23A8FE5}.Release|Any CPU.ActiveCfg = Release|Any CPU
		{BF726591-07C2-43AD-AE51-7EB0F23A8FE5}.Release|Any CPU.Build.0 = Release|Any CPU
		{B1E461F8-F63E-4447-8953-18432685A931}.Debug|Any CPU.ActiveCfg = Debug|Any CPU
		{B1E461F8-F63E-4447-8953-18432685A931}.Debug|Any CPU.Build.0 = Debug|Any CPU
		{B1E461F8-F63E-4447-8953-18432685A931}.Release|Any CPU.ActiveCfg = Release|Any CPU
		{B1E461F8-F63E-4447-8953-18432685A931}.Release|Any CPU.Build.0 = Release|Any CPU
		{6DCE2916-4FB4-46FA-A2CB-ED8C85BAA2A5}.Debug|Any CPU.ActiveCfg = Debug|Any CPU
		{6DCE2916-4FB4-46FA-A2CB-ED8C85BAA2A5}.Debug|Any CPU.Build.0 = Debug|Any CPU
		{6DCE2916-4FB4-46FA-A2CB-ED8C85BAA2A5}.Release|Any CPU.ActiveCfg = Release|Any CPU
		{6DCE2916-4FB4-46FA-A2CB-ED8C85BAA2A5}.Release|Any CPU.Build.0 = Release|Any CPU
		{87470636-EEE9-4AD0-8FC0-8218004AE4CD}.Debug|Any CPU.ActiveCfg = Debug|Any CPU
		{87470636-EEE9-4AD0-8FC0-8218004AE4CD}.Debug|Any CPU.Build.0 = Debug|Any CPU
		{87470636-EEE9-4AD0-8FC0-8218004AE4CD}.Release|Any CPU.ActiveCfg = Release|Any CPU
		{87470636-EEE9-4AD0-8FC0-8218004AE4CD}.Release|Any CPU.Build.0 = Release|Any CPU
		{266CECA5-EE51-4664-B6E4-D702930BC40B}.Debug|Any CPU.ActiveCfg = Debug|Any CPU
		{266CECA5-EE51-4664-B6E4-D702930BC40B}.Debug|Any CPU.Build.0 = Debug|Any CPU
		{266CECA5-EE51-4664-B6E4-D702930BC40B}.Release|Any CPU.ActiveCfg = Release|Any CPU
		{266CECA5-EE51-4664-B6E4-D702930BC40B}.Release|Any CPU.Build.0 = Release|Any CPU
		{453F267E-D2E4-462E-9E0E-62DEF9D607DE}.Debug|Any CPU.ActiveCfg = Debug|Any CPU
		{453F267E-D2E4-462E-9E0E-62DEF9D607DE}.Debug|Any CPU.Build.0 = Debug|Any CPU
		{453F267E-D2E4-462E-9E0E-62DEF9D607DE}.Release|Any CPU.ActiveCfg = Release|Any CPU
		{453F267E-D2E4-462E-9E0E-62DEF9D607DE}.Release|Any CPU.Build.0 = Release|Any CPU
		{737064BE-D06F-4127-A987-384240314FB9}.Debug|Any CPU.ActiveCfg = Debug|Any CPU
		{737064BE-D06F-4127-A987-384240314FB9}.Debug|Any CPU.Build.0 = Debug|Any CPU
		{737064BE-D06F-4127-A987-384240314FB9}.Release|Any CPU.ActiveCfg = Release|Any CPU
		{737064BE-D06F-4127-A987-384240314FB9}.Release|Any CPU.Build.0 = Release|Any CPU
		{354F023E-48BC-4A70-80FA-80FF851926BC}.Debug|Any CPU.ActiveCfg = Debug|Any CPU
		{354F023E-48BC-4A70-80FA-80FF851926BC}.Debug|Any CPU.Build.0 = Debug|Any CPU
		{354F023E-48BC-4A70-80FA-80FF851926BC}.Release|Any CPU.ActiveCfg = Release|Any CPU
		{354F023E-48BC-4A70-80FA-80FF851926BC}.Release|Any CPU.Build.0 = Release|Any CPU
		{7F34EAAA-9AE3-4159-8488-2A726740D06B}.Debug|Any CPU.ActiveCfg = Debug|Any CPU
		{7F34EAAA-9AE3-4159-8488-2A726740D06B}.Debug|Any CPU.Build.0 = Debug|Any CPU
		{7F34EAAA-9AE3-4159-8488-2A726740D06B}.Release|Any CPU.ActiveCfg = Release|Any CPU
		{7F34EAAA-9AE3-4159-8488-2A726740D06B}.Release|Any CPU.Build.0 = Release|Any CPU
		{8217A841-36FC-430C-9581-098F5312838C}.Debug|Any CPU.ActiveCfg = Debug|Any CPU
		{8217A841-36FC-430C-9581-098F5312838C}.Debug|Any CPU.Build.0 = Debug|Any CPU
		{8217A841-36FC-430C-9581-098F5312838C}.Release|Any CPU.ActiveCfg = Release|Any CPU
		{8217A841-36FC-430C-9581-098F5312838C}.Release|Any CPU.Build.0 = Release|Any CPU
		{27196F43-B0F2-428F-AC25-5A2E10D1F094}.Debug|Any CPU.ActiveCfg = Debug|Any CPU
		{27196F43-B0F2-428F-AC25-5A2E10D1F094}.Debug|Any CPU.Build.0 = Debug|Any CPU
		{27196F43-B0F2-428F-AC25-5A2E10D1F094}.Release|Any CPU.ActiveCfg = Release|Any CPU
		{27196F43-B0F2-428F-AC25-5A2E10D1F094}.Release|Any CPU.Build.0 = Release|Any CPU
	EndGlobalSection
EndGlobal
